{
  "name": "link",
  "version": "1.0.9",
  "lockfileVersion": 3,
  "requires": true,
  "packages": {
    "": {
      "name": "link",
      "version": "1.0.9",
      "hasInstallScript": true,
      "license": "Apache 2.0",
      "devDependencies": {
        "@types/node": "^16.11.7",
        "typescript": "^4.8.4"
      },
      "engines": {
        "vscode": "^1.59.0"
      }
    },
    "node_modules/@types/node": {
      "version": "16.18.10",
      "resolved": "https://registry.npmjs.org/@types/node/-/node-16.18.10.tgz",
      "integrity": "sha512-XU1+v7h81p7145ddPfjv7jtWvkSilpcnON3mQ+bDi9Yuf7OI56efOglXRyXWgQ57xH3fEQgh7WOJMncRHVew5w==",
      "dev": true
    },
    "node_modules/typescript": {
      "version": "4.9.4",
      "resolved": "https://registry.npmjs.org/typescript/-/typescript-4.9.4.tgz",
      "integrity": "sha512-Uz+dTXYzxXXbsFpM86Wh3dKCxrQqUcVMxwU54orwlJjOpO3ao8L7j5lH+dWfTwgCwIuM9GQ2kvVotzYJMXTBZg==",
      "dev": true,
      "bin": {
        "tsc": "bin/tsc",
        "tsserver": "bin/tsserver"
      },
      "engines": {
        "node": ">=4.2.0"
      }
    }
  }
}
